
Microsoft Visual Studio Solution File, Format Version 12.00
# Visual Studio Version 16
VisualStudioVersion = 16.0.30621.155
MinimumVisualStudioVersion = 10.0.40219.1
Project("{FAE04EC0-301F-11D3-BF4B-00C04F79EFBC}") = "Afoxa", "Afoxa\Afoxa.csproj", "{9714C3BE-521D-4DB8-B7D4-71209EC1EABE}"
EndProject
Global
	GlobalSection(SolutionConfigurationPlatforms) = preSolution
		Debug|Any CPU = Debug|Any CPU
		Release|Any CPU = Release|Any CPU
	EndGlobalSection
	GlobalSection(ProjectConfigurationPlatforms) = postSolution
		{9714C3BE-521D-4DB8-B7D4-71209EC1EABE}.Debug|Any CPU.ActiveCfg = Debug|Any CPU
		{9714C3BE-521D-4DB8-B7D4-71209EC1EABE}.Debug|Any CPU.Build.0 = Debug|Any CPU
		{9714C3BE-521D-4DB8-B7D4-71209EC1EABE}.Release|Any CPU.ActiveCfg = Release|Any CPU
		{9714C3BE-521D-4DB8-B7D4-71209EC1EABE}.Release|Any CPU.Build.0 = Release|Any CPU
	EndGlobalSection
	GlobalSection(SolutionProperties) = preSolution
		HideSolutionNode = FALSE
	EndGlobalSection
	GlobalSection(ExtensibilityGlobals) = postSolution
		SolutionGuid = {D89FCA38-5128-402A-8F9E-488D5D9DF7AD}
	EndGlobalSection
EndGlobal
